// !$*UTF8*$!
{
	archiveVersion = 1;
	classes = {
	};
	objectVersion = 55;
	objects = {

/* Begin PBXBuildFile section */
		2E4AE50B272EAF9E00E92376 /* MultihreadingViewController.swift in Sources */ = {isa = PBXBuildFile; fileRef = 2E4AE509272EAF9E00E92376 /* MultihreadingViewController.swift */; };
		2E4AE50C272EAF9E00E92376 /* MultihreadingViewController.xib in Resources */ = {isa = PBXBuildFile; fileRef = 2E4AE50A272EAF9E00E92376 /* MultihreadingViewController.xib */; };
		2E4AE50F272F0E8F00E92376 /* DefaultButton.swift in Sources */ = {isa = PBXBuildFile; fileRef = 2E4AE50E272F0E8F00E92376 /* DefaultButton.swift */; };
		2E4AE521272F14DF00E92376 /* Nunito-Italic.ttf in Resources */ = {isa = PBXBuildFile; fileRef = 2E4AE513272F14DE00E92376 /* Nunito-Italic.ttf */; };
		2E4AE522272F14DF00E92376 /* Nunito-LightItalic.ttf in Resources */ = {isa = PBXBuildFile; fileRef = 2E4AE514272F14DE00E92376 /* Nunito-LightItalic.ttf */; };
		2E4AE523272F14DF00E92376 /* Nunito-Regular.ttf in Resources */ = {isa = PBXBuildFile; fileRef = 2E4AE515272F14DE00E92376 /* Nunito-Regular.ttf */; };
		2E4AE524272F14DF00E92376 /* Nunito-ExtraLightItalic.ttf in Resources */ = {isa = PBXBuildFile; fileRef = 2E4AE516272F14DE00E92376 /* Nunito-ExtraLightItalic.ttf */; };
		2E4AE525272F14DF00E92376 /* Nunito-BoldItalic.ttf in Resources */ = {isa = PBXBuildFile; fileRef = 2E4AE517272F14DE00E92376 /* Nunito-BoldItalic.ttf */; };
		2E4AE526272F14DF00E92376 /* Nunito-SemiBold.ttf in Resources */ = {isa = PBXBuildFile; fileRef = 2E4AE518272F14DF00E92376 /* Nunito-SemiBold.ttf */; };
		2E4AE527272F14DF00E92376 /* Nunito-ExtraBold.ttf in Resources */ = {isa = PBXBuildFile; fileRef = 2E4AE519272F14DF00E92376 /* Nunito-ExtraBold.ttf */; };
		2E4AE528272F14DF00E92376 /* Nunito-ExtraLight.ttf in Resources */ = {isa = PBXBuildFile; fileRef = 2E4AE51A272F14DF00E92376 /* Nunito-ExtraLight.ttf */; };
		2E4AE529272F14DF00E92376 /* Nunito-ExtraBoldItalic.ttf in Resources */ = {isa = PBXBuildFile; fileRef = 2E4AE51B272F14DF00E92376 /* Nunito-ExtraBoldItalic.ttf */; };
		2E4AE52A272F14DF00E92376 /* Nunito-Bold.ttf in Resources */ = {isa = PBXBuildFile; fileRef = 2E4AE51C272F14DF00E92376 /* Nunito-Bold.ttf */; };
		2E4AE52B272F14DF00E92376 /* Nunito-Light.ttf in Resources */ = {isa = PBXBuildFile; fileRef = 2E4AE51D272F14DF00E92376 /* Nunito-Light.ttf */; };
		2E4AE52C272F14DF00E92376 /* Nunito-SemiBoldItalic.ttf in Resources */ = {isa = PBXBuildFile; fileRef = 2E4AE51E272F14DF00E92376 /* Nunito-SemiBoldItalic.ttf */; };
		2E4AE52D272F14DF00E92376 /* Nunito-Black.ttf in Resources */ = {isa = PBXBuildFile; fileRef = 2E4AE51F272F14DF00E92376 /* Nunito-Black.ttf */; };
		2E4AE52E272F14DF00E92376 /* Nunito-BlackItalic.ttf in Resources */ = {isa = PBXBuildFile; fileRef = 2E4AE520272F14DF00E92376 /* Nunito-BlackItalic.ttf */; };
		2E4AE530272F165A00E92376 /* SignInAppleButton.swift in Sources */ = {isa = PBXBuildFile; fileRef = 2E4AE52F272F165A00E92376 /* SignInAppleButton.swift */; };
		2E4AE532272F166B00E92376 /* SignInGoogleButton.swift in Sources */ = {isa = PBXBuildFile; fileRef = 2E4AE531272F166B00E92376 /* SignInGoogleButton.swift */; };
		2E4AE569272F181900E92376 /* Logo - SIWA - Logo-only - White.svg in Resources */ = {isa = PBXBuildFile; fileRef = 2E4AE535272F181800E92376 /* Logo - SIWA - Logo-only - White.svg */; };
		2E4AE56A272F181900E92376 /* Logo - SIWA - Logo-only - Black.svg in Resources */ = {isa = PBXBuildFile; fileRef = 2E4AE536272F181800E92376 /* Logo - SIWA - Logo-only - Black.svg */; };
		2E4AE56B272F181900E92376 /* Logo - SIWA - Logo-only - White.pdf in Resources */ = {isa = PBXBuildFile; fileRef = 2E4AE538272F181800E92376 /* Logo - SIWA - Logo-only - White.pdf */; };
		2E4AE56C272F181900E92376 /* Logo - SIWA - Logo-only - Black.pdf in Resources */ = {isa = PBXBuildFile; fileRef = 2E4AE539272F181800E92376 /* Logo - SIWA - Logo-only - Black.pdf */; };
		2E4AE56D272F181900E92376 /* Logo - SIWA - Logo-only - White@3x.png in Resources */ = {isa = PBXBuildFile; fileRef = 2E4AE53C272F181800E92376 /* Logo - SIWA - Logo-only - White@3x.png */; };
		2E4AE56E272F181900E92376 /* Logo - SIWA - Logo-only - Black@3x.png in Resources */ = {isa = PBXBuildFile; fileRef = 2E4AE53D272F181800E92376 /* Logo - SIWA - Logo-only - Black@3x.png */; };
		2E4AE56F272F181900E92376 /* Logo - SIWA - Logo-only - White@2x.png in Resources */ = {isa = PBXBuildFile; fileRef = 2E4AE53F272F181800E92376 /* Logo - SIWA - Logo-only - White@2x.png */; };
		2E4AE570272F181900E92376 /* Logo - SIWA - Logo-only - Black@2x.png in Resources */ = {isa = PBXBuildFile; fileRef = 2E4AE540272F181800E92376 /* Logo - SIWA - Logo-only - Black@2x.png */; };
		2E4AE571272F181900E92376 /* Logo - SIWA - Logo-only - Black@1x.png in Resources */ = {isa = PBXBuildFile; fileRef = 2E4AE542272F181800E92376 /* Logo - SIWA - Logo-only - Black@1x.png */; };
		2E4AE572272F181900E92376 /* Logo - SIWA - Logo-only - White@1x.png in Resources */ = {isa = PBXBuildFile; fileRef = 2E4AE543272F181800E92376 /* Logo - SIWA - Logo-only - White@1x.png */; };
		2E4AE573272F181900E92376 /* Logo - SIWA - Left-aligned - White - Small.svg in Resources */ = {isa = PBXBuildFile; fileRef = 2E4AE546272F181800E92376 /* Logo - SIWA - Left-aligned - White - Small.svg */; };
		2E4AE574272F181900E92376 /* Logo - SIWA - Left-aligned - Black - Medium.svg in Resources */ = {isa = PBXBuildFile; fileRef = 2E4AE547272F181800E92376 /* Logo - SIWA - Left-aligned - Black - Medium.svg */; };
		2E4AE575272F181900E92376 /* Logo - SIWA - Left-aligned - White - Large.svg in Resources */ = {isa = PBXBuildFile; fileRef = 2E4AE548272F181800E92376 /* Logo - SIWA - Left-aligned - White - Large.svg */; };
		2E4AE576272F181900E92376 /* Logo - SIWA - Left-aligned - Black - Small.svg in Resources */ = {isa = PBXBuildFile; fileRef = 2E4AE549272F181800E92376 /* Logo - SIWA - Left-aligned - Black - Small.svg */; };
		2E4AE577272F181900E92376 /* Logo - SIWA - Left-aligned - Black - Large.svg in Resources */ = {isa = PBXBuildFile; fileRef = 2E4AE54A272F181800E92376 /* Logo - SIWA - Left-aligned - Black - Large.svg */; };
		2E4AE578272F181900E92376 /* Logo - SIWA - Left-aligned - White - Medium.svg in Resources */ = {isa = PBXBuildFile; fileRef = 2E4AE54B272F181800E92376 /* Logo - SIWA - Left-aligned - White - Medium.svg */; };
		2E4AE579272F181900E92376 /* Logo - SIWA - Left-aligned - White - Large.pdf in Resources */ = {isa = PBXBuildFile; fileRef = 2E4AE54D272F181800E92376 /* Logo - SIWA - Left-aligned - White - Large.pdf */; };
		2E4AE57A272F181900E92376 /* Logo - SIWA - Left-aligned - White - Small.pdf in Resources */ = {isa = PBXBuildFile; fileRef = 2E4AE54E272F181800E92376 /* Logo - SIWA - Left-aligned - White - Small.pdf */; };
		2E4AE57B272F181900E92376 /* Logo - SIWA - Left-aligned - Black - Medium.pdf in Resources */ = {isa = PBXBuildFile; fileRef = 2E4AE54F272F181800E92376 /* Logo - SIWA - Left-aligned - Black - Medium.pdf */; };
		2E4AE57C272F181900E92376 /* Logo - SIWA - Left-aligned - Black - Large.pdf in Resources */ = {isa = PBXBuildFile; fileRef = 2E4AE550272F181800E92376 /* Logo - SIWA - Left-aligned - Black - Large.pdf */; };
		2E4AE57D272F181900E92376 /* Logo - SIWA - Left-aligned - White - Medium.pdf in Resources */ = {isa = PBXBuildFile; fileRef = 2E4AE551272F181800E92376 /* Logo - SIWA - Left-aligned - White - Medium.pdf */; };
		2E4AE57E272F181900E92376 /* Logo - SIWA - Left-aligned - Black - Small.pdf in Resources */ = {isa = PBXBuildFile; fileRef = 2E4AE552272F181800E92376 /* Logo - SIWA - Left-aligned - Black - Small.pdf */; };
		2E4AE57F272F181900E92376 /* Logo - SIWA - Left-aligned - Black - Large@3x.png in Resources */ = {isa = PBXBuildFile; fileRef = 2E4AE555272F181800E92376 /* Logo - SIWA - Left-aligned - Black - Large@3x.png */; };
		2E4AE580272F181900E92376 /* Logo - SIWA - Left-aligned - Black - Small@3x.png in Resources */ = {isa = PBXBuildFile; fileRef = 2E4AE556272F181800E92376 /* Logo - SIWA - Left-aligned - Black - Small@3x.png */; };
		2E4AE581272F181900E92376 /* Logo - SIWA - Left-aligned - White - Medium@3x.png in Resources */ = {isa = PBXBuildFile; fileRef = 2E4AE557272F181800E92376 /* Logo - SIWA - Left-aligned - White - Medium@3x.png */; };
		2E4AE582272F181900E92376 /* Logo - SIWA - Left-aligned - Black - Medium@3x.png in Resources */ = {isa = PBXBuildFile; fileRef = 2E4AE558272F181800E92376 /* Logo - SIWA - Left-aligned - Black - Medium@3x.png */; };
		2E4AE583272F181900E92376 /* Logo - SIWA - Left-aligned - White - Large@3x.png in Resources */ = {isa = PBXBuildFile; fileRef = 2E4AE559272F181800E92376 /* Logo - SIWA - Left-aligned - White - Large@3x.png */; };
		2E4AE584272F181900E92376 /* Logo - SIWA - Left-aligned - White - Small@3x.png in Resources */ = {isa = PBXBuildFile; fileRef = 2E4AE55A272F181800E92376 /* Logo - SIWA - Left-aligned - White - Small@3x.png */; };
		2E4AE585272F181900E92376 /* Logo - SIWA - Left-aligned - Black - Small@2x.png in Resources */ = {isa = PBXBuildFile; fileRef = 2E4AE55C272F181800E92376 /* Logo - SIWA - Left-aligned - Black - Small@2x.png */; };
		2E4AE586272F181900E92376 /* Logo - SIWA - Left-aligned - Black - Large@2x.png in Resources */ = {isa = PBXBuildFile; fileRef = 2E4AE55D272F181800E92376 /* Logo - SIWA - Left-aligned - Black - Large@2x.png */; };
		2E4AE587272F181900E92376 /* Logo - SIWA - Left-aligned - White - Medium@2x.png in Resources */ = {isa = PBXBuildFile; fileRef = 2E4AE55E272F181800E92376 /* Logo - SIWA - Left-aligned - White - Medium@2x.png */; };
		2E4AE588272F181900E92376 /* Logo - SIWA - Left-aligned - Black - Medium@2x.png in Resources */ = {isa = PBXBuildFile; fileRef = 2E4AE55F272F181800E92376 /* Logo - SIWA - Left-aligned - Black - Medium@2x.png */; };
		2E4AE589272F181900E92376 /* Logo - SIWA - Left-aligned - White - Small@2x.png in Resources */ = {isa = PBXBuildFile; fileRef = 2E4AE560272F181800E92376 /* Logo - SIWA - Left-aligned - White - Small@2x.png */; };
		2E4AE58A272F181900E92376 /* Logo - SIWA - Left-aligned - White - Large@2x.png in Resources */ = {isa = PBXBuildFile; fileRef = 2E4AE561272F181800E92376 /* Logo - SIWA - Left-aligned - White - Large@2x.png */; };
		2E4AE58B272F181900E92376 /* Logo - SIWA - Left-aligned - White - Large@1x.png in Resources */ = {isa = PBXBuildFile; fileRef = 2E4AE563272F181800E92376 /* Logo - SIWA - Left-aligned - White - Large@1x.png */; };
		2E4AE58C272F181900E92376 /* Logo - SIWA - Left-aligned - White - Small@1x.png in Resources */ = {isa = PBXBuildFile; fileRef = 2E4AE564272F181800E92376 /* Logo - SIWA - Left-aligned - White - Small@1x.png */; };
		2E4AE58D272F181900E92376 /* Logo - SIWA - Left-aligned - Black - Medium@1x.png in Resources */ = {isa = PBXBuildFile; fileRef = 2E4AE565272F181800E92376 /* Logo - SIWA - Left-aligned - Black - Medium@1x.png */; };
		2E4AE58E272F181900E92376 /* Logo - SIWA - Left-aligned - White - Medium@1x.png in Resources */ = {isa = PBXBuildFile; fileRef = 2E4AE566272F181800E92376 /* Logo - SIWA - Left-aligned - White - Medium@1x.png */; };
		2E4AE58F272F181900E92376 /* Logo - SIWA - Left-aligned - Black - Large@1x.png in Resources */ = {isa = PBXBuildFile; fileRef = 2E4AE567272F181800E92376 /* Logo - SIWA - Left-aligned - Black - Large@1x.png */; };
		2E4AE590272F181900E92376 /* Logo - SIWA - Left-aligned - Black - Small@1x.png in Resources */ = {isa = PBXBuildFile; fileRef = 2E4AE568272F181800E92376 /* Logo - SIWA - Left-aligned - Black - Small@1x.png */; };
		2E4AE59A2730734B00E92376 /* MaterialCollectionView.swift in Sources */ = {isa = PBXBuildFile; fileRef = 2E4AE5992730734A00E92376 /* MaterialCollectionView.swift */; };
		CC0F5D6A27358BF400D48A8A /* UIKitViewController.swift in Sources */ = {isa = PBXBuildFile; fileRef = CC0F5D6927358BF400D48A8A /* UIKitViewController.swift */; };
		CC0F5D6C27358C7000D48A8A /* SwiftUIViewController.swift in Sources */ = {isa = PBXBuildFile; fileRef = CC0F5D6B27358C7000D48A8A /* SwiftUIViewController.swift */; };
		CC0F5D6E27358CA200D48A8A /* CoreDataViewController.swift in Sources */ = {isa = PBXBuildFile; fileRef = CC0F5D6D27358CA200D48A8A /* CoreDataViewController.swift */; };
		CC0F5D7027358CAF00D48A8A /* StorageViewController.swift in Sources */ = {isa = PBXBuildFile; fileRef = CC0F5D6F27358CAF00D48A8A /* StorageViewController.swift */; };
		CC0F5D7227358D1700D48A8A /* MiscViewController.swift in Sources */ = {isa = PBXBuildFile; fileRef = CC0F5D7127358D1700D48A8A /* MiscViewController.swift */; };
		CC13B944272AB97F003F6348 /* LoginViewController.swift in Sources */ = {isa = PBXBuildFile; fileRef = CC13B942272AB97F003F6348 /* LoginViewController.swift */; };
		CC13B945272AB97F003F6348 /* LoginViewController.xib in Resources */ = {isa = PBXBuildFile; fileRef = CC13B943272AB97F003F6348 /* LoginViewController.xib */; };
		CC13B947272ABA37003F6348 /* AppColors.swift in Sources */ = {isa = PBXBuildFile; fileRef = CC13B946272ABA37003F6348 /* AppColors.swift */; };
		CC8835312734579400950DE5 /* SerialConcurrentExample.swift in Sources */ = {isa = PBXBuildFile; fileRef = CC8835302734579400950DE5 /* SerialConcurrentExample.swift */; };
		CC88353327345C1800950DE5 /* DispatchGroupExample.swift in Sources */ = {isa = PBXBuildFile; fileRef = CC88353227345C1800950DE5 /* DispatchGroupExample.swift */; };
		CC88353527345C2B00950DE5 /* OperationExample.swift in Sources */ = {isa = PBXBuildFile; fileRef = CC88353427345C2B00950DE5 /* OperationExample.swift */; };
		CC88353727345D6800950DE5 /* MaterialsCollectionViewCell.swift in Sources */ = {isa = PBXBuildFile; fileRef = CC88353627345D6800950DE5 /* MaterialsCollectionViewCell.swift */; };
		CC8835392734614700950DE5 /* UIViewLifeCycleExample.swift in Sources */ = {isa = PBXBuildFile; fileRef = CC8835382734614700950DE5 /* UIViewLifeCycleExample.swift */; };
		CC88353B2734615A00950DE5 /* UIViewControllerLifecycleExample.swift in Sources */ = {isa = PBXBuildFile; fileRef = CC88353A2734615A00950DE5 /* UIViewControllerLifecycleExample.swift */; };
		CC88353D2734617A00950DE5 /* LayersExample.swift in Sources */ = {isa = PBXBuildFile; fileRef = CC88353C2734617A00950DE5 /* LayersExample.swift */; };
		CCD09319272AA7C50003130C /* AppDelegate.swift in Sources */ = {isa = PBXBuildFile; fileRef = CCD09318272AA7C50003130C /* AppDelegate.swift */; };
		CCD0931B272AA7C50003130C /* SceneDelegate.swift in Sources */ = {isa = PBXBuildFile; fileRef = CCD0931A272AA7C50003130C /* SceneDelegate.swift */; };
		CCD0931D272AA7C50003130C /* ViewController.swift in Sources */ = {isa = PBXBuildFile; fileRef = CCD0931C272AA7C50003130C /* ViewController.swift */; };
		CCD09320272AA7C50003130C /* Main.storyboard in Resources */ = {isa = PBXBuildFile; fileRef = CCD0931E272AA7C50003130C /* Main.storyboard */; };
		CCD09323272AA7C50003130C /* MVC_example.xcdatamodeld in Sources */ = {isa = PBXBuildFile; fileRef = CCD09321272AA7C50003130C /* MVC_example.xcdatamodeld */; };
		CCD09325272AA7C70003130C /* Assets.xcassets in Resources */ = {isa = PBXBuildFile; fileRef = CCD09324272AA7C70003130C /* Assets.xcassets */; };
		CCD09328272AA7C70003130C /* LaunchScreen.storyboard in Resources */ = {isa = PBXBuildFile; fileRef = CCD09326272AA7C70003130C /* LaunchScreen.storyboard */; };
		CCD09333272AA7C70003130C /* MVC_exampleTests.swift in Sources */ = {isa = PBXBuildFile; fileRef = CCD09332272AA7C70003130C /* MVC_exampleTests.swift */; };
		CCD0933D272AA7C70003130C /* MVC_exampleUITests.swift in Sources */ = {isa = PBXBuildFile; fileRef = CCD0933C272AA7C70003130C /* MVC_exampleUITests.swift */; };
		CCD0933F272AA7C70003130C /* MVC_exampleUITestsLaunchTests.swift in Sources */ = {isa = PBXBuildFile; fileRef = CCD0933E272AA7C70003130C /* MVC_exampleUITestsLaunchTests.swift */; };
/* End PBXBuildFile section */

/* Begin PBXContainerItemProxy section */
		CCD0932F272AA7C70003130C /* PBXContainerItemProxy */ = {
			isa = PBXContainerItemProxy;
			containerPortal = CCD0930D272AA7C50003130C /* Project object */;
			proxyType = 1;
			remoteGlobalIDString = CCD09314272AA7C50003130C;
			remoteInfo = "MVC-example";
		};
		CCD09339272AA7C70003130C /* PBXContainerItemProxy */ = {
			isa = PBXContainerItemProxy;
			containerPortal = CCD0930D272AA7C50003130C /* Project object */;
			proxyType = 1;
			remoteGlobalIDString = CCD09314272AA7C50003130C;
			remoteInfo = "MVC-example";
		};
/* End PBXContainerItemProxy section */

/* Begin PBXFileReference section */
		2E4AE509272EAF9E00E92376 /* MultihreadingViewController.swift */ = {isa = PBXFileReference; lastKnownFileType = sourcecode.swift; path = MultihreadingViewController.swift; sourceTree = "<group>"; };
		2E4AE50A272EAF9E00E92376 /* MultihreadingViewController.xib */ = {isa = PBXFileReference; lastKnownFileType = file.xib; path = MultihreadingViewController.xib; sourceTree = "<group>"; };
		2E4AE50E272F0E8F00E92376 /* DefaultButton.swift */ = {isa = PBXFileReference; lastKnownFileType = sourcecode.swift; path = DefaultButton.swift; sourceTree = "<group>"; };
		2E4AE510272F0FDC00E92376 /* UIKit_Notes.md */ = {isa = PBXFileReference; lastKnownFileType = net.daringfireball.markdown; path = UIKit_Notes.md; sourceTree = "<group>"; };
		2E4AE512272F149B00E92376 /* how_to_notes.md */ = {isa = PBXFileReference; lastKnownFileType = net.daringfireball.markdown; path = how_to_notes.md; sourceTree = "<group>"; };
		2E4AE513272F14DE00E92376 /* Nunito-Italic.ttf */ = {isa = PBXFileReference; lastKnownFileType = file; path = "Nunito-Italic.ttf"; sourceTree = "<group>"; };
		2E4AE514272F14DE00E92376 /* Nunito-LightItalic.ttf */ = {isa = PBXFileReference; lastKnownFileType = file; path = "Nunito-LightItalic.ttf"; sourceTree = "<group>"; };
		2E4AE515272F14DE00E92376 /* Nunito-Regular.ttf */ = {isa = PBXFileReference; lastKnownFileType = file; path = "Nunito-Regular.ttf"; sourceTree = "<group>"; };
		2E4AE516272F14DE00E92376 /* Nunito-ExtraLightItalic.ttf */ = {isa = PBXFileReference; lastKnownFileType = file; path = "Nunito-ExtraLightItalic.ttf"; sourceTree = "<group>"; };
		2E4AE517272F14DE00E92376 /* Nunito-BoldItalic.ttf */ = {isa = PBXFileReference; lastKnownFileType = file; path = "Nunito-BoldItalic.ttf"; sourceTree = "<group>"; };
		2E4AE518272F14DF00E92376 /* Nunito-SemiBold.ttf */ = {isa = PBXFileReference; lastKnownFileType = file; path = "Nunito-SemiBold.ttf"; sourceTree = "<group>"; };
		2E4AE519272F14DF00E92376 /* Nunito-ExtraBold.ttf */ = {isa = PBXFileReference; lastKnownFileType = file; path = "Nunito-ExtraBold.ttf"; sourceTree = "<group>"; };
		2E4AE51A272F14DF00E92376 /* Nunito-ExtraLight.ttf */ = {isa = PBXFileReference; lastKnownFileType = file; path = "Nunito-ExtraLight.ttf"; sourceTree = "<group>"; };
		2E4AE51B272F14DF00E92376 /* Nunito-ExtraBoldItalic.ttf */ = {isa = PBXFileReference; lastKnownFileType = file; path = "Nunito-ExtraBoldItalic.ttf"; sourceTree = "<group>"; };
		2E4AE51C272F14DF00E92376 /* Nunito-Bold.ttf */ = {isa = PBXFileReference; lastKnownFileType = file; path = "Nunito-Bold.ttf"; sourceTree = "<group>"; };
		2E4AE51D272F14DF00E92376 /* Nunito-Light.ttf */ = {isa = PBXFileReference; lastKnownFileType = file; path = "Nunito-Light.ttf"; sourceTree = "<group>"; };
		2E4AE51E272F14DF00E92376 /* Nunito-SemiBoldItalic.ttf */ = {isa = PBXFileReference; lastKnownFileType = file; path = "Nunito-SemiBoldItalic.ttf"; sourceTree = "<group>"; };
		2E4AE51F272F14DF00E92376 /* Nunito-Black.ttf */ = {isa = PBXFileReference; lastKnownFileType = file; path = "Nunito-Black.ttf"; sourceTree = "<group>"; };
		2E4AE520272F14DF00E92376 /* Nunito-BlackItalic.ttf */ = {isa = PBXFileReference; lastKnownFileType = file; path = "Nunito-BlackItalic.ttf"; sourceTree = "<group>"; };
		2E4AE52F272F165A00E92376 /* SignInAppleButton.swift */ = {isa = PBXFileReference; lastKnownFileType = sourcecode.swift; path = SignInAppleButton.swift; sourceTree = "<group>"; };
		2E4AE531272F166B00E92376 /* SignInGoogleButton.swift */ = {isa = PBXFileReference; lastKnownFileType = sourcecode.swift; path = SignInGoogleButton.swift; sourceTree = "<group>"; };
		2E4AE535272F181800E92376 /* Logo - SIWA - Logo-only - White.svg */ = {isa = PBXFileReference; fileEncoding = 4; lastKnownFileType = text.xml; path = "Logo - SIWA - Logo-only - White.svg"; sourceTree = "<group>"; };
		2E4AE536272F181800E92376 /* Logo - SIWA - Logo-only - Black.svg */ = {isa = PBXFileReference; fileEncoding = 4; lastKnownFileType = text.xml; path = "Logo - SIWA - Logo-only - Black.svg"; sourceTree = "<group>"; };
		2E4AE538272F181800E92376 /* Logo - SIWA - Logo-only - White.pdf */ = {isa = PBXFileReference; lastKnownFileType = image.pdf; path = "Logo - SIWA - Logo-only - White.pdf"; sourceTree = "<group>"; };
		2E4AE539272F181800E92376 /* Logo - SIWA - Logo-only - Black.pdf */ = {isa = PBXFileReference; lastKnownFileType = image.pdf; path = "Logo - SIWA - Logo-only - Black.pdf"; sourceTree = "<group>"; };
		2E4AE53C272F181800E92376 /* Logo - SIWA - Logo-only - White@3x.png */ = {isa = PBXFileReference; lastKnownFileType = image.png; path = "Logo - SIWA - Logo-only - White@3x.png"; sourceTree = "<group>"; };
		2E4AE53D272F181800E92376 /* Logo - SIWA - Logo-only - Black@3x.png */ = {isa = PBXFileReference; lastKnownFileType = image.png; path = "Logo - SIWA - Logo-only - Black@3x.png"; sourceTree = "<group>"; };
		2E4AE53F272F181800E92376 /* Logo - SIWA - Logo-only - White@2x.png */ = {isa = PBXFileReference; lastKnownFileType = image.png; path = "Logo - SIWA - Logo-only - White@2x.png"; sourceTree = "<group>"; };
		2E4AE540272F181800E92376 /* Logo - SIWA - Logo-only - Black@2x.png */ = {isa = PBXFileReference; lastKnownFileType = image.png; path = "Logo - SIWA - Logo-only - Black@2x.png"; sourceTree = "<group>"; };
		2E4AE542272F181800E92376 /* Logo - SIWA - Logo-only - Black@1x.png */ = {isa = PBXFileReference; lastKnownFileType = image.png; path = "Logo - SIWA - Logo-only - Black@1x.png"; sourceTree = "<group>"; };
		2E4AE543272F181800E92376 /* Logo - SIWA - Logo-only - White@1x.png */ = {isa = PBXFileReference; lastKnownFileType = image.png; path = "Logo - SIWA - Logo-only - White@1x.png"; sourceTree = "<group>"; };
		2E4AE546272F181800E92376 /* Logo - SIWA - Left-aligned - White - Small.svg */ = {isa = PBXFileReference; fileEncoding = 4; lastKnownFileType = text.xml; path = "Logo - SIWA - Left-aligned - White - Small.svg"; sourceTree = "<group>"; };
		2E4AE547272F181800E92376 /* Logo - SIWA - Left-aligned - Black - Medium.svg */ = {isa = PBXFileReference; fileEncoding = 4; lastKnownFileType = text.xml; path = "Logo - SIWA - Left-aligned - Black - Medium.svg"; sourceTree = "<group>"; };
		2E4AE548272F181800E92376 /* Logo - SIWA - Left-aligned - White - Large.svg */ = {isa = PBXFileReference; fileEncoding = 4; lastKnownFileType = text.xml; path = "Logo - SIWA - Left-aligned - White - Large.svg"; sourceTree = "<group>"; };
		2E4AE549272F181800E92376 /* Logo - SIWA - Left-aligned - Black - Small.svg */ = {isa = PBXFileReference; fileEncoding = 4; lastKnownFileType = text.xml; path = "Logo - SIWA - Left-aligned - Black - Small.svg"; sourceTree = "<group>"; };
		2E4AE54A272F181800E92376 /* Logo - SIWA - Left-aligned - Black - Large.svg */ = {isa = PBXFileReference; fileEncoding = 4; lastKnownFileType = text.xml; path = "Logo - SIWA - Left-aligned - Black - Large.svg"; sourceTree = "<group>"; };
		2E4AE54B272F181800E92376 /* Logo - SIWA - Left-aligned - White - Medium.svg */ = {isa = PBXFileReference; fileEncoding = 4; lastKnownFileType = text.xml; path = "Logo - SIWA - Left-aligned - White - Medium.svg"; sourceTree = "<group>"; };
		2E4AE54D272F181800E92376 /* Logo - SIWA - Left-aligned - White - Large.pdf */ = {isa = PBXFileReference; lastKnownFileType = image.pdf; path = "Logo - SIWA - Left-aligned - White - Large.pdf"; sourceTree = "<group>"; };
		2E4AE54E272F181800E92376 /* Logo - SIWA - Left-aligned - White - Small.pdf */ = {isa = PBXFileReference; lastKnownFileType = image.pdf; path = "Logo - SIWA - Left-aligned - White - Small.pdf"; sourceTree = "<group>"; };
		2E4AE54F272F181800E92376 /* Logo - SIWA - Left-aligned - Black - Medium.pdf */ = {isa = PBXFileReference; lastKnownFileType = image.pdf; path = "Logo - SIWA - Left-aligned - Black - Medium.pdf"; sourceTree = "<group>"; };
		2E4AE550272F181800E92376 /* Logo - SIWA - Left-aligned - Black - Large.pdf */ = {isa = PBXFileReference; lastKnownFileType = image.pdf; path = "Logo - SIWA - Left-aligned - Black - Large.pdf"; sourceTree = "<group>"; };
		2E4AE551272F181800E92376 /* Logo - SIWA - Left-aligned - White - Medium.pdf */ = {isa = PBXFileReference; lastKnownFileType = image.pdf; path = "Logo - SIWA - Left-aligned - White - Medium.pdf"; sourceTree = "<group>"; };
		2E4AE552272F181800E92376 /* Logo - SIWA - Left-aligned - Black - Small.pdf */ = {isa = PBXFileReference; lastKnownFileType = image.pdf; path = "Logo - SIWA - Left-aligned - Black - Small.pdf"; sourceTree = "<group>"; };
		2E4AE555272F181800E92376 /* Logo - SIWA - Left-aligned - Black - Large@3x.png */ = {isa = PBXFileReference; lastKnownFileType = image.png; path = "Logo - SIWA - Left-aligned - Black - Large@3x.png"; sourceTree = "<group>"; };
		2E4AE556272F181800E92376 /* Logo - SIWA - Left-aligned - Black - Small@3x.png */ = {isa = PBXFileReference; lastKnownFileType = image.png; path = "Logo - SIWA - Left-aligned - Black - Small@3x.png"; sourceTree = "<group>"; };
		2E4AE557272F181800E92376 /* Logo - SIWA - Left-aligned - White - Medium@3x.png */ = {isa = PBXFileReference; lastKnownFileType = image.png; path = "Logo - SIWA - Left-aligned - White - Medium@3x.png"; sourceTree = "<group>"; };
		2E4AE558272F181800E92376 /* Logo - SIWA - Left-aligned - Black - Medium@3x.png */ = {isa = PBXFileReference; lastKnownFileType = image.png; path = "Logo - SIWA - Left-aligned - Black - Medium@3x.png"; sourceTree = "<group>"; };
		2E4AE559272F181800E92376 /* Logo - SIWA - Left-aligned - White - Large@3x.png */ = {isa = PBXFileReference; lastKnownFileType = image.png; path = "Logo - SIWA - Left-aligned - White - Large@3x.png"; sourceTree = "<group>"; };
		2E4AE55A272F181800E92376 /* Logo - SIWA - Left-aligned - White - Small@3x.png */ = {isa = PBXFileReference; lastKnownFileType = image.png; path = "Logo - SIWA - Left-aligned - White - Small@3x.png"; sourceTree = "<group>"; };
		2E4AE55C272F181800E92376 /* Logo - SIWA - Left-aligned - Black - Small@2x.png */ = {isa = PBXFileReference; lastKnownFileType = image.png; path = "Logo - SIWA - Left-aligned - Black - Small@2x.png"; sourceTree = "<group>"; };
		2E4AE55D272F181800E92376 /* Logo - SIWA - Left-aligned - Black - Large@2x.png */ = {isa = PBXFileReference; lastKnownFileType = image.png; path = "Logo - SIWA - Left-aligned - Black - Large@2x.png"; sourceTree = "<group>"; };
		2E4AE55E272F181800E92376 /* Logo - SIWA - Left-aligned - White - Medium@2x.png */ = {isa = PBXFileReference; lastKnownFileType = image.png; path = "Logo - SIWA - Left-aligned - White - Medium@2x.png"; sourceTree = "<group>"; };
		2E4AE55F272F181800E92376 /* Logo - SIWA - Left-aligned - Black - Medium@2x.png */ = {isa = PBXFileReference; lastKnownFileType = image.png; path = "Logo - SIWA - Left-aligned - Black - Medium@2x.png"; sourceTree = "<group>"; };
		2E4AE560272F181800E92376 /* Logo - SIWA - Left-aligned - White - Small@2x.png */ = {isa = PBXFileReference; lastKnownFileType = image.png; path = "Logo - SIWA - Left-aligned - White - Small@2x.png"; sourceTree = "<group>"; };
		2E4AE561272F181800E92376 /* Logo - SIWA - Left-aligned - White - Large@2x.png */ = {isa = PBXFileReference; lastKnownFileType = image.png; path = "Logo - SIWA - Left-aligned - White - Large@2x.png"; sourceTree = "<group>"; };
		2E4AE563272F181800E92376 /* Logo - SIWA - Left-aligned - White - Large@1x.png */ = {isa = PBXFileReference; lastKnownFileType = image.png; path = "Logo - SIWA - Left-aligned - White - Large@1x.png"; sourceTree = "<group>"; };
		2E4AE564272F181800E92376 /* Logo - SIWA - Left-aligned - White - Small@1x.png */ = {isa = PBXFileReference; lastKnownFileType = image.png; path = "Logo - SIWA - Left-aligned - White - Small@1x.png"; sourceTree = "<group>"; };
		2E4AE565272F181800E92376 /* Logo - SIWA - Left-aligned - Black - Medium@1x.png */ = {isa = PBXFileReference; lastKnownFileType = image.png; path = "Logo - SIWA - Left-aligned - Black - Medium@1x.png"; sourceTree = "<group>"; };
		2E4AE566272F181800E92376 /* Logo - SIWA - Left-aligned - White - Medium@1x.png */ = {isa = PBXFileReference; lastKnownFileType = image.png; path = "Logo - SIWA - Left-aligned - White - Medium@1x.png"; sourceTree = "<group>"; };
		2E4AE567272F181800E92376 /* Logo - SIWA - Left-aligned - Black - Large@1x.png */ = {isa = PBXFileReference; lastKnownFileType = image.png; path = "Logo - SIWA - Left-aligned - Black - Large@1x.png"; sourceTree = "<group>"; };
		2E4AE568272F181800E92376 /* Logo - SIWA - Left-aligned - Black - Small@1x.png */ = {isa = PBXFileReference; lastKnownFileType = image.png; path = "Logo - SIWA - Left-aligned - Black - Small@1x.png"; sourceTree = "<group>"; };
		2E4AE595272F563600E92376 /* multithreading_notes.md */ = {isa = PBXFileReference; lastKnownFileType = net.daringfireball.markdown; path = multithreading_notes.md; sourceTree = "<group>"; };
		2E4AE5992730734A00E92376 /* MaterialCollectionView.swift */ = {isa = PBXFileReference; lastKnownFileType = sourcecode.swift; path = MaterialCollectionView.swift; sourceTree = "<group>"; };
		CC0F5D6927358BF400D48A8A /* UIKitViewController.swift */ = {isa = PBXFileReference; lastKnownFileType = sourcecode.swift; path = UIKitViewController.swift; sourceTree = "<group>"; };
		CC0F5D6B27358C7000D48A8A /* SwiftUIViewController.swift */ = {isa = PBXFileReference; lastKnownFileType = sourcecode.swift; path = SwiftUIViewController.swift; sourceTree = "<group>"; };
		CC0F5D6D27358CA200D48A8A /* CoreDataViewController.swift */ = {isa = PBXFileReference; lastKnownFileType = sourcecode.swift; name = CoreDataViewController.swift; path = "MVC-example/Modules/UI/CoreDataViewController.swift"; sourceTree = SOURCE_ROOT; };
		CC0F5D6F27358CAF00D48A8A /* StorageViewController.swift */ = {isa = PBXFileReference; lastKnownFileType = sourcecode.swift; name = StorageViewController.swift; path = "MVC-example/Modules/UI/StorageViewController.swift"; sourceTree = SOURCE_ROOT; };
		CC0F5D7127358D1700D48A8A /* MiscViewController.swift */ = {isa = PBXFileReference; lastKnownFileType = sourcecode.swift; path = MiscViewController.swift; sourceTree = "<group>"; };
		CC13B942272AB97F003F6348 /* LoginViewController.swift */ = {isa = PBXFileReference; lastKnownFileType = sourcecode.swift; path = LoginViewController.swift; sourceTree = "<group>"; };
		CC13B943272AB97F003F6348 /* LoginViewController.xib */ = {isa = PBXFileReference; lastKnownFileType = file.xib; path = LoginViewController.xib; sourceTree = "<group>"; };
		CC13B946272ABA37003F6348 /* AppColors.swift */ = {isa = PBXFileReference; lastKnownFileType = sourcecode.swift; path = AppColors.swift; sourceTree = "<group>"; };
		CC8835302734579400950DE5 /* SerialConcurrentExample.swift */ = {isa = PBXFileReference; lastKnownFileType = sourcecode.swift; path = SerialConcurrentExample.swift; sourceTree = "<group>"; };
		CC88353227345C1800950DE5 /* DispatchGroupExample.swift */ = {isa = PBXFileReference; lastKnownFileType = sourcecode.swift; path = DispatchGroupExample.swift; sourceTree = "<group>"; };
		CC88353427345C2B00950DE5 /* OperationExample.swift */ = {isa = PBXFileReference; lastKnownFileType = sourcecode.swift; path = OperationExample.swift; sourceTree = "<group>"; };
		CC88353627345D6800950DE5 /* MaterialsCollectionViewCell.swift */ = {isa = PBXFileReference; lastKnownFileType = sourcecode.swift; path = MaterialsCollectionViewCell.swift; sourceTree = "<group>"; };
		CC8835382734614700950DE5 /* UIViewLifeCycleExample.swift */ = {isa = PBXFileReference; lastKnownFileType = sourcecode.swift; path = UIViewLifeCycleExample.swift; sourceTree = "<group>"; };
		CC88353A2734615A00950DE5 /* UIViewControllerLifecycleExample.swift */ = {isa = PBXFileReference; lastKnownFileType = sourcecode.swift; path = UIViewControllerLifecycleExample.swift; sourceTree = "<group>"; };
		CC88353C2734617A00950DE5 /* LayersExample.swift */ = {isa = PBXFileReference; lastKnownFileType = sourcecode.swift; path = LayersExample.swift; sourceTree = "<group>"; };
		CCD09315272AA7C50003130C /* MVC-example.app */ = {isa = PBXFileReference; explicitFileType = wrapper.application; includeInIndex = 0; path = "MVC-example.app"; sourceTree = BUILT_PRODUCTS_DIR; };
		CCD09318272AA7C50003130C /* AppDelegate.swift */ = {isa = PBXFileReference; lastKnownFileType = sourcecode.swift; path = AppDelegate.swift; sourceTree = "<group>"; };
		CCD0931A272AA7C50003130C /* SceneDelegate.swift */ = {isa = PBXFileReference; lastKnownFileType = sourcecode.swift; path = SceneDelegate.swift; sourceTree = "<group>"; };
		CCD0931C272AA7C50003130C /* ViewController.swift */ = {isa = PBXFileReference; lastKnownFileType = sourcecode.swift; path = ViewController.swift; sourceTree = "<group>"; };
		CCD0931F272AA7C50003130C /* Base */ = {isa = PBXFileReference; lastKnownFileType = file.storyboard; name = Base; path = Base.lproj/Main.storyboard; sourceTree = "<group>"; };
		CCD09322272AA7C50003130C /* MVC_example.xcdatamodel */ = {isa = PBXFileReference; lastKnownFileType = wrapper.xcdatamodel; path = MVC_example.xcdatamodel; sourceTree = "<group>"; };
		CCD09324272AA7C70003130C /* Assets.xcassets */ = {isa = PBXFileReference; lastKnownFileType = folder.assetcatalog; path = Assets.xcassets; sourceTree = "<group>"; };
		CCD09327272AA7C70003130C /* Base */ = {isa = PBXFileReference; lastKnownFileType = file.storyboard; name = Base; path = Base.lproj/LaunchScreen.storyboard; sourceTree = "<group>"; };
		CCD09329272AA7C70003130C /* Info.plist */ = {isa = PBXFileReference; lastKnownFileType = text.plist.xml; path = Info.plist; sourceTree = "<group>"; };
		CCD0932E272AA7C70003130C /* MVC-exampleTests.xctest */ = {isa = PBXFileReference; explicitFileType = wrapper.cfbundle; includeInIndex = 0; path = "MVC-exampleTests.xctest"; sourceTree = BUILT_PRODUCTS_DIR; };
		CCD09332272AA7C70003130C /* MVC_exampleTests.swift */ = {isa = PBXFileReference; lastKnownFileType = sourcecode.swift; path = MVC_exampleTests.swift; sourceTree = "<group>"; };
		CCD09338272AA7C70003130C /* MVC-exampleUITests.xctest */ = {isa = PBXFileReference; explicitFileType = wrapper.cfbundle; includeInIndex = 0; path = "MVC-exampleUITests.xctest"; sourceTree = BUILT_PRODUCTS_DIR; };
		CCD0933C272AA7C70003130C /* MVC_exampleUITests.swift */ = {isa = PBXFileReference; lastKnownFileType = sourcecode.swift; path = MVC_exampleUITests.swift; sourceTree = "<group>"; };
		CCD0933E272AA7C70003130C /* MVC_exampleUITestsLaunchTests.swift */ = {isa = PBXFileReference; lastKnownFileType = sourcecode.swift; path = MVC_exampleUITestsLaunchTests.swift; sourceTree = "<group>"; };
/* End PBXFileReference section */

/* Begin PBXFrameworksBuildPhase section */
		CCD09312272AA7C50003130C /* Frameworks */ = {
			isa = PBXFrameworksBuildPhase;
			buildActionMask = 2147483647;
			files = (
			);
			runOnlyForDeploymentPostprocessing = 0;
		};
		CCD0932B272AA7C70003130C /* Frameworks */ = {
			isa = PBXFrameworksBuildPhase;
			buildActionMask = 2147483647;
			files = (
			);
			runOnlyForDeploymentPostprocessing = 0;
		};
		CCD09335272AA7C70003130C /* Frameworks */ = {
			isa = PBXFrameworksBuildPhase;
			buildActionMask = 2147483647;
			files = (
			);
			runOnlyForDeploymentPostprocessing = 0;
		};
/* End PBXFrameworksBuildPhase section */

/* Begin PBXGroup section */
		2E4AE50D272F0E7A00E92376 /* CommonElements */ = {
			isa = PBXGroup;
			children = (
				2E4AE50E272F0E8F00E92376 /* DefaultButton.swift */,
				2E4AE52F272F165A00E92376 /* SignInAppleButton.swift */,
				2E4AE531272F166B00E92376 /* SignInGoogleButton.swift */,
				2E4AE5992730734A00E92376 /* MaterialCollectionView.swift */,
				CC88353627345D6800950DE5 /* MaterialsCollectionViewCell.swift */,
			);
			path = CommonElements;
			sourceTree = "<group>";
		};
		2E4AE511272F120700E92376 /* fonts */ = {
			isa = PBXGroup;
			children = (
				2E4AE51F272F14DF00E92376 /* Nunito-Black.ttf */,
				2E4AE520272F14DF00E92376 /* Nunito-BlackItalic.ttf */,
				2E4AE51C272F14DF00E92376 /* Nunito-Bold.ttf */,
				2E4AE517272F14DE00E92376 /* Nunito-BoldItalic.ttf */,
				2E4AE519272F14DF00E92376 /* Nunito-ExtraBold.ttf */,
				2E4AE51B272F14DF00E92376 /* Nunito-ExtraBoldItalic.ttf */,
				2E4AE51A272F14DF00E92376 /* Nunito-ExtraLight.ttf */,
				2E4AE516272F14DE00E92376 /* Nunito-ExtraLightItalic.ttf */,
				2E4AE513272F14DE00E92376 /* Nunito-Italic.ttf */,
				2E4AE51D272F14DF00E92376 /* Nunito-Light.ttf */,
				2E4AE514272F14DE00E92376 /* Nunito-LightItalic.ttf */,
				2E4AE515272F14DE00E92376 /* Nunito-Regular.ttf */,
				2E4AE518272F14DF00E92376 /* Nunito-SemiBold.ttf */,
				2E4AE51E272F14DF00E92376 /* Nunito-SemiBoldItalic.ttf */,
			);
			path = fonts;
			sourceTree = "<group>";
		};
		2E4AE533272F181800E92376 /* Sign in with Apple - Logo Only */ = {
			isa = PBXGroup;
			children = (
				2E4AE534272F181800E92376 /* SVG */,
				2E4AE537272F181800E92376 /* PDF */,
				2E4AE53A272F181800E92376 /* PNG */,
			);
			name = "Sign in with Apple - Logo Only";
			path = "MVC-example/resources/Sign in with Apple - Logo Only";
			sourceTree = SOURCE_ROOT;
		};
		2E4AE534272F181800E92376 /* SVG */ = {
			isa = PBXGroup;
			children = (
				2E4AE535272F181800E92376 /* Logo - SIWA - Logo-only - White.svg */,
				2E4AE536272F181800E92376 /* Logo - SIWA - Logo-only - Black.svg */,
			);
			path = SVG;
			sourceTree = "<group>";
		};
		2E4AE537272F181800E92376 /* PDF */ = {
			isa = PBXGroup;
			children = (
				2E4AE538272F181800E92376 /* Logo - SIWA - Logo-only - White.pdf */,
				2E4AE539272F181800E92376 /* Logo - SIWA - Logo-only - Black.pdf */,
			);
			path = PDF;
			sourceTree = "<group>";
		};
		2E4AE53A272F181800E92376 /* PNG */ = {
			isa = PBXGroup;
			children = (
				2E4AE53B272F181800E92376 /* 3x */,
				2E4AE53E272F181800E92376 /* 2x */,
				2E4AE541272F181800E92376 /* 1x */,
			);
			path = PNG;
			sourceTree = "<group>";
		};
		2E4AE53B272F181800E92376 /* 3x */ = {
			isa = PBXGroup;
			children = (
				2E4AE53C272F181800E92376 /* Logo - SIWA - Logo-only - White@3x.png */,
				2E4AE53D272F181800E92376 /* Logo - SIWA - Logo-only - Black@3x.png */,
			);
			path = 3x;
			sourceTree = "<group>";
		};
		2E4AE53E272F181800E92376 /* 2x */ = {
			isa = PBXGroup;
			children = (
				2E4AE53F272F181800E92376 /* Logo - SIWA - Logo-only - White@2x.png */,
				2E4AE540272F181800E92376 /* Logo - SIWA - Logo-only - Black@2x.png */,
			);
			path = 2x;
			sourceTree = "<group>";
		};
		2E4AE541272F181800E92376 /* 1x */ = {
			isa = PBXGroup;
			children = (
				2E4AE542272F181800E92376 /* Logo - SIWA - Logo-only - Black@1x.png */,
				2E4AE543272F181800E92376 /* Logo - SIWA - Logo-only - White@1x.png */,
			);
			path = 1x;
			sourceTree = "<group>";
		};
		2E4AE544272F181800E92376 /* Sign in with Apple - Left Aligned */ = {
			isa = PBXGroup;
			children = (
				2E4AE545272F181800E92376 /* SVG */,
				2E4AE54C272F181800E92376 /* PDF */,
				2E4AE553272F181800E92376 /* PNG */,
			);
			name = "Sign in with Apple - Left Aligned";
			path = "MVC-example/resources/Sign in with Apple - Left Aligned";
			sourceTree = SOURCE_ROOT;
		};
		2E4AE545272F181800E92376 /* SVG */ = {
			isa = PBXGroup;
			children = (
				2E4AE546272F181800E92376 /* Logo - SIWA - Left-aligned - White - Small.svg */,
				2E4AE547272F181800E92376 /* Logo - SIWA - Left-aligned - Black - Medium.svg */,
				2E4AE548272F181800E92376 /* Logo - SIWA - Left-aligned - White - Large.svg */,
				2E4AE549272F181800E92376 /* Logo - SIWA - Left-aligned - Black - Small.svg */,
				2E4AE54A272F181800E92376 /* Logo - SIWA - Left-aligned - Black - Large.svg */,
				2E4AE54B272F181800E92376 /* Logo - SIWA - Left-aligned - White - Medium.svg */,
			);
			path = SVG;
			sourceTree = "<group>";
		};
		2E4AE54C272F181800E92376 /* PDF */ = {
			isa = PBXGroup;
			children = (
				2E4AE54D272F181800E92376 /* Logo - SIWA - Left-aligned - White - Large.pdf */,
				2E4AE54E272F181800E92376 /* Logo - SIWA - Left-aligned - White - Small.pdf */,
				2E4AE54F272F181800E92376 /* Logo - SIWA - Left-aligned - Black - Medium.pdf */,
				2E4AE550272F181800E92376 /* Logo - SIWA - Left-aligned - Black - Large.pdf */,
				2E4AE551272F181800E92376 /* Logo - SIWA - Left-aligned - White - Medium.pdf */,
				2E4AE552272F181800E92376 /* Logo - SIWA - Left-aligned - Black - Small.pdf */,
			);
			path = PDF;
			sourceTree = "<group>";
		};
		2E4AE553272F181800E92376 /* PNG */ = {
			isa = PBXGroup;
			children = (
				2E4AE554272F181800E92376 /* 3x */,
				2E4AE55B272F181800E92376 /* 2x */,
				2E4AE562272F181800E92376 /* 1x */,
			);
			path = PNG;
			sourceTree = "<group>";
		};
		2E4AE554272F181800E92376 /* 3x */ = {
			isa = PBXGroup;
			children = (
				2E4AE555272F181800E92376 /* Logo - SIWA - Left-aligned - Black - Large@3x.png */,
				2E4AE556272F181800E92376 /* Logo - SIWA - Left-aligned - Black - Small@3x.png */,
				2E4AE557272F181800E92376 /* Logo - SIWA - Left-aligned - White - Medium@3x.png */,
				2E4AE558272F181800E92376 /* Logo - SIWA - Left-aligned - Black - Medium@3x.png */,
				2E4AE559272F181800E92376 /* Logo - SIWA - Left-aligned - White - Large@3x.png */,
				2E4AE55A272F181800E92376 /* Logo - SIWA - Left-aligned - White - Small@3x.png */,
			);
			path = 3x;
			sourceTree = "<group>";
		};
		2E4AE55B272F181800E92376 /* 2x */ = {
			isa = PBXGroup;
			children = (
				2E4AE55C272F181800E92376 /* Logo - SIWA - Left-aligned - Black - Small@2x.png */,
				2E4AE55D272F181800E92376 /* Logo - SIWA - Left-aligned - Black - Large@2x.png */,
				2E4AE55E272F181800E92376 /* Logo - SIWA - Left-aligned - White - Medium@2x.png */,
				2E4AE55F272F181800E92376 /* Logo - SIWA - Left-aligned - Black - Medium@2x.png */,
				2E4AE560272F181800E92376 /* Logo - SIWA - Left-aligned - White - Small@2x.png */,
				2E4AE561272F181800E92376 /* Logo - SIWA - Left-aligned - White - Large@2x.png */,
			);
			path = 2x;
			sourceTree = "<group>";
		};
		2E4AE562272F181800E92376 /* 1x */ = {
			isa = PBXGroup;
			children = (
				2E4AE563272F181800E92376 /* Logo - SIWA - Left-aligned - White - Large@1x.png */,
				2E4AE564272F181800E92376 /* Logo - SIWA - Left-aligned - White - Small@1x.png */,
				2E4AE565272F181800E92376 /* Logo - SIWA - Left-aligned - Black - Medium@1x.png */,
				2E4AE566272F181800E92376 /* Logo - SIWA - Left-aligned - White - Medium@1x.png */,
				2E4AE567272F181800E92376 /* Logo - SIWA - Left-aligned - Black - Large@1x.png */,
				2E4AE568272F181800E92376 /* Logo - SIWA - Left-aligned - Black - Small@1x.png */,
			);
			path = 1x;
			sourceTree = "<group>";
		};
		2E4AE591272F55F900E92376 /* resources */ = {
			isa = PBXGroup;
			children = (
				2E4AE544272F181800E92376 /* Sign in with Apple - Left Aligned */,
				2E4AE533272F181800E92376 /* Sign in with Apple - Logo Only */,
				2E4AE511272F120700E92376 /* fonts */,
			);
			path = resources;
			sourceTree = "<group>";
		};
		2E4AE592272F560F00E92376 /* notes */ = {
			isa = PBXGroup;
			children = (
				2E4AE510272F0FDC00E92376 /* UIKit_Notes.md */,
				2E4AE512272F149B00E92376 /* how_to_notes.md */,
				2E4AE595272F563600E92376 /* multithreading_notes.md */,
			);
			path = notes;
			sourceTree = "<group>";
		};
		2E4AE59627306BB200E92376 /* Modules */ = {
			isa = PBXGroup;
			children = (
				2E4AE59E2730A0E000E92376 /* Multithreading */,
				2E4AE59D2730A0DC00E92376 /* UI */,
				2E4AE59C2730A0D000E92376 /* Push */,
				2E4AE59B2730A0CB00E92376 /* Network */,
				2E4AE59827306BC600E92376 /* Shop */,
				2E4AE59727306BB900E92376 /* Datastore */,
				CC0F5D7127358D1700D48A8A /* MiscViewController.swift */,
			);
			path = Modules;
			sourceTree = "<group>";
		};
		2E4AE59727306BB900E92376 /* Datastore */ = {
			isa = PBXGroup;
			children = (
				CC0F5D6D27358CA200D48A8A /* CoreDataViewController.swift */,
				CC0F5D6F27358CAF00D48A8A /* StorageViewController.swift */,
			);
			path = Datastore;
			sourceTree = "<group>";
		};
		2E4AE59827306BC600E92376 /* Shop */ = {
			isa = PBXGroup;
			children = (
			);
			path = Shop;
			sourceTree = "<group>";
		};
		2E4AE59B2730A0CB00E92376 /* Network */ = {
			isa = PBXGroup;
			children = (
			);
			path = Network;
			sourceTree = "<group>";
		};
		2E4AE59C2730A0D000E92376 /* Push */ = {
			isa = PBXGroup;
			children = (
			);
			path = Push;
			sourceTree = "<group>";
		};
		2E4AE59D2730A0DC00E92376 /* UI */ = {
			isa = PBXGroup;
			children = (
				2E4AE50D272F0E7A00E92376 /* CommonElements */,
				CC13B942272AB97F003F6348 /* LoginViewController.swift */,
				CC13B943272AB97F003F6348 /* LoginViewController.xib */,
				CC8835382734614700950DE5 /* UIViewLifeCycleExample.swift */,
				CC88353A2734615A00950DE5 /* UIViewControllerLifecycleExample.swift */,
				CC88353C2734617A00950DE5 /* LayersExample.swift */,
				CC0F5D6927358BF400D48A8A /* UIKitViewController.swift */,
				CC0F5D6B27358C7000D48A8A /* SwiftUIViewController.swift */,
			);
			path = UI;
			sourceTree = "<group>";
		};
		2E4AE59E2730A0E000E92376 /* Multithreading */ = {
			isa = PBXGroup;
			children = (
				2E4AE509272EAF9E00E92376 /* MultihreadingViewController.swift */,
				2E4AE50A272EAF9E00E92376 /* MultihreadingViewController.xib */,
				CC8835302734579400950DE5 /* SerialConcurrentExample.swift */,
				CC88353227345C1800950DE5 /* DispatchGroupExample.swift */,
				CC88353427345C2B00950DE5 /* OperationExample.swift */,
			);
			path = Multithreading;
			sourceTree = "<group>";
		};
		2E4AE59F2730A10400E92376 /* Constants */ = {
			isa = PBXGroup;
			children = (
				CC13B946272ABA37003F6348 /* AppColors.swift */,
			);
			path = Constants;
			sourceTree = "<group>";
		};
		CCD0930C272AA7C50003130C = {
			isa = PBXGroup;
			children = (
				CCD09317272AA7C50003130C /* MVC-example */,
				CCD09331272AA7C70003130C /* MVC-exampleTests */,
				CCD0933B272AA7C70003130C /* MVC-exampleUITests */,
				CCD09316272AA7C50003130C /* Products */,
			);
			sourceTree = "<group>";
		};
		CCD09316272AA7C50003130C /* Products */ = {
			isa = PBXGroup;
			children = (
				CCD09315272AA7C50003130C /* MVC-example.app */,
				CCD0932E272AA7C70003130C /* MVC-exampleTests.xctest */,
				CCD09338272AA7C70003130C /* MVC-exampleUITests.xctest */,
			);
			name = Products;
			sourceTree = "<group>";
		};
		CCD09317272AA7C50003130C /* MVC-example */ = {
			isa = PBXGroup;
			children = (
				2E4AE59F2730A10400E92376 /* Constants */,
				2E4AE59627306BB200E92376 /* Modules */,
				2E4AE592272F560F00E92376 /* notes */,
				2E4AE591272F55F900E92376 /* resources */,
				CCD09318272AA7C50003130C /* AppDelegate.swift */,
				CCD0931A272AA7C50003130C /* SceneDelegate.swift */,
				CCD0931C272AA7C50003130C /* ViewController.swift */,
				CCD0931E272AA7C50003130C /* Main.storyboard */,
				CCD09324272AA7C70003130C /* Assets.xcassets */,
				CCD09326272AA7C70003130C /* LaunchScreen.storyboard */,
				CCD09329272AA7C70003130C /* Info.plist */,
				CCD09321272AA7C50003130C /* MVC_example.xcdatamodeld */,
			);
			path = "MVC-example";
			sourceTree = "<group>";
		};
		CCD09331272AA7C70003130C /* MVC-exampleTests */ = {
			isa = PBXGroup;
			children = (
				CCD09332272AA7C70003130C /* MVC_exampleTests.swift */,
			);
			path = "MVC-exampleTests";
			sourceTree = "<group>";
		};
		CCD0933B272AA7C70003130C /* MVC-exampleUITests */ = {
			isa = PBXGroup;
			children = (
				CCD0933C272AA7C70003130C /* MVC_exampleUITests.swift */,
				CCD0933E272AA7C70003130C /* MVC_exampleUITestsLaunchTests.swift */,
			);
			path = "MVC-exampleUITests";
			sourceTree = "<group>";
		};
/* End PBXGroup section */

/* Begin PBXNativeTarget section */
		CCD09314272AA7C50003130C /* MVC-example */ = {
			isa = PBXNativeTarget;
			buildConfigurationList = CCD09342272AA7C70003130C /* Build configuration list for PBXNativeTarget "MVC-example" */;
			buildPhases = (
				CCD09311272AA7C50003130C /* Sources */,
				CCD09312272AA7C50003130C /* Frameworks */,
				CCD09313272AA7C50003130C /* Resources */,
			);
			buildRules = (
			);
			dependencies = (
			);
			name = "MVC-example";
			productName = "MVC-example";
			productReference = CCD09315272AA7C50003130C /* MVC-example.app */;
			productType = "com.apple.product-type.application";
		};
		CCD0932D272AA7C70003130C /* MVC-exampleTests */ = {
			isa = PBXNativeTarget;
			buildConfigurationList = CCD09345272AA7C70003130C /* Build configuration list for PBXNativeTarget "MVC-exampleTests" */;
			buildPhases = (
				CCD0932A272AA7C70003130C /* Sources */,
				CCD0932B272AA7C70003130C /* Frameworks */,
				CCD0932C272AA7C70003130C /* Resources */,
			);
			buildRules = (
			);
			dependencies = (
				CCD09330272AA7C70003130C /* PBXTargetDependency */,
			);
			name = "MVC-exampleTests";
			productName = "MVC-exampleTests";
			productReference = CCD0932E272AA7C70003130C /* MVC-exampleTests.xctest */;
			productType = "com.apple.product-type.bundle.unit-test";
		};
		CCD09337272AA7C70003130C /* MVC-exampleUITests */ = {
			isa = PBXNativeTarget;
			buildConfigurationList = CCD09348272AA7C70003130C /* Build configuration list for PBXNativeTarget "MVC-exampleUITests" */;
			buildPhases = (
				CCD09334272AA7C70003130C /* Sources */,
				CCD09335272AA7C70003130C /* Frameworks */,
				CCD09336272AA7C70003130C /* Resources */,
			);
			buildRules = (
			);
			dependencies = (
				CCD0933A272AA7C70003130C /* PBXTargetDependency */,
			);
			name = "MVC-exampleUITests";
			productName = "MVC-exampleUITests";
			productReference = CCD09338272AA7C70003130C /* MVC-exampleUITests.xctest */;
			productType = "com.apple.product-type.bundle.ui-testing";
		};
/* End PBXNativeTarget section */

/* Begin PBXProject section */
		CCD0930D272AA7C50003130C /* Project object */ = {
			isa = PBXProject;
			attributes = {
				BuildIndependentTargetsInParallel = 1;
				LastSwiftUpdateCheck = 1310;
				LastUpgradeCheck = 1310;
				TargetAttributes = {
					CCD09314272AA7C50003130C = {
						CreatedOnToolsVersion = 13.1;
					};
					CCD0932D272AA7C70003130C = {
						CreatedOnToolsVersion = 13.1;
						TestTargetID = CCD09314272AA7C50003130C;
					};
					CCD09337272AA7C70003130C = {
						CreatedOnToolsVersion = 13.1;
						TestTargetID = CCD09314272AA7C50003130C;
					};
				};
			};
			buildConfigurationList = CCD09310272AA7C50003130C /* Build configuration list for PBXProject "MVC-example" */;
			compatibilityVersion = "Xcode 13.0";
			developmentRegion = en;
			hasScannedForEncodings = 0;
			knownRegions = (
				en,
				Base,
			);
			mainGroup = CCD0930C272AA7C50003130C;
			productRefGroup = CCD09316272AA7C50003130C /* Products */;
			projectDirPath = "";
			projectRoot = "";
			targets = (
				CCD09314272AA7C50003130C /* MVC-example */,
				CCD0932D272AA7C70003130C /* MVC-exampleTests */,
				CCD09337272AA7C70003130C /* MVC-exampleUITests */,
			);
		};
/* End PBXProject section */

/* Begin PBXResourcesBuildPhase section */
		CCD09313272AA7C50003130C /* Resources */ = {
			isa = PBXResourcesBuildPhase;
			buildActionMask = 2147483647;
			files = (
				2E4AE574272F181900E92376 /* Logo - SIWA - Left-aligned - Black - Medium.svg in Resources */,
				2E4AE578272F181900E92376 /* Logo - SIWA - Left-aligned - White - Medium.svg in Resources */,
				2E4AE584272F181900E92376 /* Logo - SIWA - Left-aligned - White - Small@3x.png in Resources */,
				2E4AE586272F181900E92376 /* Logo - SIWA - Left-aligned - Black - Large@2x.png in Resources */,
				2E4AE52C272F14DF00E92376 /* Nunito-SemiBoldItalic.ttf in Resources */,
				2E4AE581272F181900E92376 /* Logo - SIWA - Left-aligned - White - Medium@3x.png in Resources */,
				2E4AE56A272F181900E92376 /* Logo - SIWA - Logo-only - Black.svg in Resources */,
				CC13B945272AB97F003F6348 /* LoginViewController.xib in Resources */,
				2E4AE52A272F14DF00E92376 /* Nunito-Bold.ttf in Resources */,
				2E4AE56C272F181900E92376 /* Logo - SIWA - Logo-only - Black.pdf in Resources */,
				2E4AE57A272F181900E92376 /* Logo - SIWA - Left-aligned - White - Small.pdf in Resources */,
				2E4AE579272F181900E92376 /* Logo - SIWA - Left-aligned - White - Large.pdf in Resources */,
				2E4AE58B272F181900E92376 /* Logo - SIWA - Left-aligned - White - Large@1x.png in Resources */,
				2E4AE572272F181900E92376 /* Logo - SIWA - Logo-only - White@1x.png in Resources */,
				2E4AE582272F181900E92376 /* Logo - SIWA - Left-aligned - Black - Medium@3x.png in Resources */,
				2E4AE570272F181900E92376 /* Logo - SIWA - Logo-only - Black@2x.png in Resources */,
				2E4AE524272F14DF00E92376 /* Nunito-ExtraLightItalic.ttf in Resources */,
				2E4AE58E272F181900E92376 /* Logo - SIWA - Left-aligned - White - Medium@1x.png in Resources */,
				2E4AE571272F181900E92376 /* Logo - SIWA - Logo-only - Black@1x.png in Resources */,
				2E4AE521272F14DF00E92376 /* Nunito-Italic.ttf in Resources */,
				2E4AE57B272F181900E92376 /* Logo - SIWA - Left-aligned - Black - Medium.pdf in Resources */,
				2E4AE527272F14DF00E92376 /* Nunito-ExtraBold.ttf in Resources */,
				2E4AE57F272F181900E92376 /* Logo - SIWA - Left-aligned - Black - Large@3x.png in Resources */,
				2E4AE523272F14DF00E92376 /* Nunito-Regular.ttf in Resources */,
				2E4AE57E272F181900E92376 /* Logo - SIWA - Left-aligned - Black - Small.pdf in Resources */,
				2E4AE56D272F181900E92376 /* Logo - SIWA - Logo-only - White@3x.png in Resources */,
				2E4AE58D272F181900E92376 /* Logo - SIWA - Left-aligned - Black - Medium@1x.png in Resources */,
				2E4AE587272F181900E92376 /* Logo - SIWA - Left-aligned - White - Medium@2x.png in Resources */,
				2E4AE576272F181900E92376 /* Logo - SIWA - Left-aligned - Black - Small.svg in Resources */,
				2E4AE529272F14DF00E92376 /* Nunito-ExtraBoldItalic.ttf in Resources */,
				2E4AE585272F181900E92376 /* Logo - SIWA - Left-aligned - Black - Small@2x.png in Resources */,
				2E4AE58C272F181900E92376 /* Logo - SIWA - Left-aligned - White - Small@1x.png in Resources */,
				2E4AE52E272F14DF00E92376 /* Nunito-BlackItalic.ttf in Resources */,
				2E4AE577272F181900E92376 /* Logo - SIWA - Left-aligned - Black - Large.svg in Resources */,
				2E4AE583272F181900E92376 /* Logo - SIWA - Left-aligned - White - Large@3x.png in Resources */,
				2E4AE588272F181900E92376 /* Logo - SIWA - Left-aligned - Black - Medium@2x.png in Resources */,
				2E4AE590272F181900E92376 /* Logo - SIWA - Left-aligned - Black - Small@1x.png in Resources */,
				2E4AE58F272F181900E92376 /* Logo - SIWA - Left-aligned - Black - Large@1x.png in Resources */,
				2E4AE56E272F181900E92376 /* Logo - SIWA - Logo-only - Black@3x.png in Resources */,
				2E4AE58A272F181900E92376 /* Logo - SIWA - Left-aligned - White - Large@2x.png in Resources */,
				CCD09328272AA7C70003130C /* LaunchScreen.storyboard in Resources */,
				2E4AE56F272F181900E92376 /* Logo - SIWA - Logo-only - White@2x.png in Resources */,
				2E4AE569272F181900E92376 /* Logo - SIWA - Logo-only - White.svg in Resources */,
				2E4AE526272F14DF00E92376 /* Nunito-SemiBold.ttf in Resources */,
				2E4AE589272F181900E92376 /* Logo - SIWA - Left-aligned - White - Small@2x.png in Resources */,
				2E4AE50C272EAF9E00E92376 /* MultihreadingViewController.xib in Resources */,
				2E4AE525272F14DF00E92376 /* Nunito-BoldItalic.ttf in Resources */,
				2E4AE522272F14DF00E92376 /* Nunito-LightItalic.ttf in Resources */,
				2E4AE57D272F181900E92376 /* Logo - SIWA - Left-aligned - White - Medium.pdf in Resources */,
				CCD09325272AA7C70003130C /* Assets.xcassets in Resources */,
				CCD09320272AA7C50003130C /* Main.storyboard in Resources */,
				2E4AE56B272F181900E92376 /* Logo - SIWA - Logo-only - White.pdf in Resources */,
				2E4AE57C272F181900E92376 /* Logo - SIWA - Left-aligned - Black - Large.pdf in Resources */,
				2E4AE52B272F14DF00E92376 /* Nunito-Light.ttf in Resources */,
				2E4AE573272F181900E92376 /* Logo - SIWA - Left-aligned - White - Small.svg in Resources */,
				2E4AE575272F181900E92376 /* Logo - SIWA - Left-aligned - White - Large.svg in Resources */,
				2E4AE580272F181900E92376 /* Logo - SIWA - Left-aligned - Black - Small@3x.png in Resources */,
				2E4AE528272F14DF00E92376 /* Nunito-ExtraLight.ttf in Resources */,
				2E4AE52D272F14DF00E92376 /* Nunito-Black.ttf in Resources */,
			);
			runOnlyForDeploymentPostprocessing = 0;
		};
		CCD0932C272AA7C70003130C /* Resources */ = {
			isa = PBXResourcesBuildPhase;
			buildActionMask = 2147483647;
			files = (
			);
			runOnlyForDeploymentPostprocessing = 0;
		};
		CCD09336272AA7C70003130C /* Resources */ = {
			isa = PBXResourcesBuildPhase;
			buildActionMask = 2147483647;
			files = (
			);
			runOnlyForDeploymentPostprocessing = 0;
		};
/* End PBXResourcesBuildPhase section */

/* Begin PBXSourcesBuildPhase section */
		CCD09311272AA7C50003130C /* Sources */ = {
			isa = PBXSourcesBuildPhase;
			buildActionMask = 2147483647;
			files = (
				CCD0931D272AA7C50003130C /* ViewController.swift in Sources */,
				2E4AE59A2730734B00E92376 /* MaterialCollectionView.swift in Sources */,
				CC88353727345D6800950DE5 /* MaterialsCollectionViewCell.swift in Sources */,
				CC0F5D6E27358CA200D48A8A /* CoreDataViewController.swift in Sources */,
				CC88353327345C1800950DE5 /* DispatchGroupExample.swift in Sources */,
				CC0F5D6C27358C7000D48A8A /* SwiftUIViewController.swift in Sources */,
				CCD09323272AA7C50003130C /* MVC_example.xcdatamodeld in Sources */,
				CC88353527345C2B00950DE5 /* OperationExample.swift in Sources */,
				CC88353B2734615A00950DE5 /* UIViewControllerLifecycleExample.swift in Sources */,
				CCD09319272AA7C50003130C /* AppDelegate.swift in Sources */,
				CC0F5D7227358D1700D48A8A /* MiscViewController.swift in Sources */,
				CC13B947272ABA37003F6348 /* AppColors.swift in Sources */,
				2E4AE50B272EAF9E00E92376 /* MultihreadingViewController.swift in Sources */,
				CC88353D2734617A00950DE5 /* LayersExample.swift in Sources */,
				CC13B944272AB97F003F6348 /* LoginViewController.swift in Sources */,
				CC0F5D7027358CAF00D48A8A /* StorageViewController.swift in Sources */,
				CC0F5D6A27358BF400D48A8A /* UIKitViewController.swift in Sources */,
				CC8835312734579400950DE5 /* SerialConcurrentExample.swift in Sources */,
				2E4AE532272F166B00E92376 /* SignInGoogleButton.swift in Sources */,
				CC8835392734614700950DE5 /* UIViewLifeCycleExample.swift in Sources */,
				2E4AE530272F165A00E92376 /* SignInAppleButton.swift in Sources */,
				CCD0931B272AA7C50003130C /* SceneDelegate.swift in Sources */,
				2E4AE50F272F0E8F00E92376 /* DefaultButton.swift in Sources */,
			);
			runOnlyForDeploymentPostprocessing = 0;
		};
		CCD0932A272AA7C70003130C /* Sources */ = {
			isa = PBXSourcesBuildPhase;
			buildActionMask = 2147483647;
			files = (
				CCD09333272AA7C70003130C /* MVC_exampleTests.swift in Sources */,
			);
			runOnlyForDeploymentPostprocessing = 0;
		};
		CCD09334272AA7C70003130C /* Sources */ = {
			isa = PBXSourcesBuildPhase;
			buildActionMask = 2147483647;
			files = (
				CCD0933F272AA7C70003130C /* MVC_exampleUITestsLaunchTests.swift in Sources */,
				CCD0933D272AA7C70003130C /* MVC_exampleUITests.swift in Sources */,
			);
			runOnlyForDeploymentPostprocessing = 0;
		};
/* End PBXSourcesBuildPhase section */

/* Begin PBXTargetDependency section */
		CCD09330272AA7C70003130C /* PBXTargetDependency */ = {
			isa = PBXTargetDependency;
			target = CCD09314272AA7C50003130C /* MVC-example */;
			targetProxy = CCD0932F272AA7C70003130C /* PBXContainerItemProxy */;
		};
		CCD0933A272AA7C70003130C /* PBXTargetDependency */ = {
			isa = PBXTargetDependency;
			target = CCD09314272AA7C50003130C /* MVC-example */;
			targetProxy = CCD09339272AA7C70003130C /* PBXContainerItemProxy */;
		};
/* End PBXTargetDependency section */

/* Begin PBXVariantGroup section */
		CCD0931E272AA7C50003130C /* Main.storyboard */ = {
			isa = PBXVariantGroup;
			children = (
				CCD0931F272AA7C50003130C /* Base */,
			);
			name = Main.storyboard;
			sourceTree = "<group>";
		};
		CCD09326272AA7C70003130C /* LaunchScreen.storyboard */ = {
			isa = PBXVariantGroup;
			children = (
				CCD09327272AA7C70003130C /* Base */,
			);
			name = LaunchScreen.storyboard;
			sourceTree = "<group>";
		};
/* End PBXVariantGroup section */

/* Begin XCBuildConfiguration section */
		CCD09340272AA7C70003130C /* Debug */ = {
			isa = XCBuildConfiguration;
			buildSettings = {
				ALWAYS_SEARCH_USER_PATHS = NO;
				CLANG_ANALYZER_NONNULL = YES;
				CLANG_ANALYZER_NUMBER_OBJECT_CONVERSION = YES_AGGRESSIVE;
				CLANG_CXX_LANGUAGE_STANDARD = "gnu++17";
				CLANG_CXX_LIBRARY = "libc++";
				CLANG_ENABLE_MODULES = YES;
				CLANG_ENABLE_OBJC_ARC = YES;
				CLANG_ENABLE_OBJC_WEAK = YES;
				CLANG_WARN_BLOCK_CAPTURE_AUTORELEASING = YES;
				CLANG_WARN_BOOL_CONVERSION = YES;
				CLANG_WARN_COMMA = YES;
				CLANG_WARN_CONSTANT_CONVERSION = YES;
				CLANG_WARN_DEPRECATED_OBJC_IMPLEMENTATIONS = YES;
				CLANG_WARN_DIRECT_OBJC_ISA_USAGE = YES_ERROR;
				CLANG_WARN_DOCUMENTATION_COMMENTS = YES;
				CLANG_WARN_EMPTY_BODY = YES;
				CLANG_WARN_ENUM_CONVERSION = YES;
				CLANG_WARN_INFINITE_RECURSION = YES;
				CLANG_WARN_INT_CONVERSION = YES;
				CLANG_WARN_NON_LITERAL_NULL_CONVERSION = YES;
				CLANG_WARN_OBJC_IMPLICIT_RETAIN_SELF = YES;
				CLANG_WARN_OBJC_LITERAL_CONVERSION = YES;
				CLANG_WARN_OBJC_ROOT_CLASS = YES_ERROR;
				CLANG_WARN_QUOTED_INCLUDE_IN_FRAMEWORK_HEADER = YES;
				CLANG_WARN_RANGE_LOOP_ANALYSIS = YES;
				CLANG_WARN_STRICT_PROTOTYPES = YES;
				CLANG_WARN_SUSPICIOUS_MOVE = YES;
				CLANG_WARN_UNGUARDED_AVAILABILITY = YES_AGGRESSIVE;
				CLANG_WARN_UNREACHABLE_CODE = YES;
				CLANG_WARN__DUPLICATE_METHOD_MATCH = YES;
				COPY_PHASE_STRIP = NO;
				DEBUG_INFORMATION_FORMAT = dwarf;
				ENABLE_STRICT_OBJC_MSGSEND = YES;
				ENABLE_TESTABILITY = YES;
				GCC_C_LANGUAGE_STANDARD = gnu11;
				GCC_DYNAMIC_NO_PIC = NO;
				GCC_NO_COMMON_BLOCKS = YES;
				GCC_OPTIMIZATION_LEVEL = 0;
				GCC_PREPROCESSOR_DEFINITIONS = (
					"DEBUG=1",
					"$(inherited)",
				);
				GCC_WARN_64_TO_32_BIT_CONVERSION = YES;
				GCC_WARN_ABOUT_RETURN_TYPE = YES_ERROR;
				GCC_WARN_UNDECLARED_SELECTOR = YES;
				GCC_WARN_UNINITIALIZED_AUTOS = YES_AGGRESSIVE;
				GCC_WARN_UNUSED_FUNCTION = YES;
				GCC_WARN_UNUSED_VARIABLE = YES;
				IPHONEOS_DEPLOYMENT_TARGET = 15.0;
				MTL_ENABLE_DEBUG_INFO = INCLUDE_SOURCE;
				MTL_FAST_MATH = YES;
				ONLY_ACTIVE_ARCH = YES;
				SDKROOT = iphoneos;
				SWIFT_ACTIVE_COMPILATION_CONDITIONS = DEBUG;
				SWIFT_OPTIMIZATION_LEVEL = "-Onone";
			};
			name = Debug;
		};
		CCD09341272AA7C70003130C /* Release */ = {
			isa = XCBuildConfiguration;
			buildSettings = {
				ALWAYS_SEARCH_USER_PATHS = NO;
				CLANG_ANALYZER_NONNULL = YES;
				CLANG_ANALYZER_NUMBER_OBJECT_CONVERSION = YES_AGGRESSIVE;
				CLANG_CXX_LANGUAGE_STANDARD = "gnu++17";
				CLANG_CXX_LIBRARY = "libc++";
				CLANG_ENABLE_MODULES = YES;
				CLANG_ENABLE_OBJC_ARC = YES;
				CLANG_ENABLE_OBJC_WEAK = YES;
				CLANG_WARN_BLOCK_CAPTURE_AUTORELEASING = YES;
				CLANG_WARN_BOOL_CONVERSION = YES;
				CLANG_WARN_COMMA = YES;
				CLANG_WARN_CONSTANT_CONVERSION = YES;
				CLANG_WARN_DEPRECATED_OBJC_IMPLEMENTATIONS = YES;
				CLANG_WARN_DIRECT_OBJC_ISA_USAGE = YES_ERROR;
				CLANG_WARN_DOCUMENTATION_COMMENTS = YES;
				CLANG_WARN_EMPTY_BODY = YES;
				CLANG_WARN_ENUM_CONVERSION = YES;
				CLANG_WARN_INFINITE_RECURSION = YES;
				CLANG_WARN_INT_CONVERSION = YES;
				CLANG_WARN_NON_LITERAL_NULL_CONVERSION = YES;
				CLANG_WARN_OBJC_IMPLICIT_RETAIN_SELF = YES;
				CLANG_WARN_OBJC_LITERAL_CONVERSION = YES;
				CLANG_WARN_OBJC_ROOT_CLASS = YES_ERROR;
				CLANG_WARN_QUOTED_INCLUDE_IN_FRAMEWORK_HEADER = YES;
				CLANG_WARN_RANGE_LOOP_ANALYSIS = YES;
				CLANG_WARN_STRICT_PROTOTYPES = YES;
				CLANG_WARN_SUSPICIOUS_MOVE = YES;
				CLANG_WARN_UNGUARDED_AVAILABILITY = YES_AGGRESSIVE;
				CLANG_WARN_UNREACHABLE_CODE = YES;
				CLANG_WARN__DUPLICATE_METHOD_MATCH = YES;
				COPY_PHASE_STRIP = NO;
				DEBUG_INFORMATION_FORMAT = "dwarf-with-dsym";
				ENABLE_NS_ASSERTIONS = NO;
				ENABLE_STRICT_OBJC_MSGSEND = YES;
				GCC_C_LANGUAGE_STANDARD = gnu11;
				GCC_NO_COMMON_BLOCKS = YES;
				GCC_WARN_64_TO_32_BIT_CONVERSION = YES;
				GCC_WARN_ABOUT_RETURN_TYPE = YES_ERROR;
				GCC_WARN_UNDECLARED_SELECTOR = YES;
				GCC_WARN_UNINITIALIZED_AUTOS = YES_AGGRESSIVE;
				GCC_WARN_UNUSED_FUNCTION = YES;
				GCC_WARN_UNUSED_VARIABLE = YES;
				IPHONEOS_DEPLOYMENT_TARGET = 15.0;
				MTL_ENABLE_DEBUG_INFO = NO;
				MTL_FAST_MATH = YES;
				SDKROOT = iphoneos;
				SWIFT_COMPILATION_MODE = wholemodule;
				SWIFT_OPTIMIZATION_LEVEL = "-O";
				VALIDATE_PRODUCT = YES;
			};
			name = Release;
		};
		CCD09343272AA7C70003130C /* Debug */ = {
			isa = XCBuildConfiguration;
			buildSettings = {
				ASSETCATALOG_COMPILER_APPICON_NAME = AppIcon;
				ASSETCATALOG_COMPILER_GLOBAL_ACCENT_COLOR_NAME = AccentColor;
				CODE_SIGN_STYLE = Automatic;
				CURRENT_PROJECT_VERSION = 1;
				DEVELOPMENT_TEAM = DWCS4T8KMT;
				GENERATE_INFOPLIST_FILE = YES;
				INFOPLIST_FILE = "MVC-example/Info.plist";
				INFOPLIST_KEY_UIApplicationSupportsIndirectInputEvents = YES;
				INFOPLIST_KEY_UILaunchStoryboardName = LaunchScreen;
				INFOPLIST_KEY_UIMainStoryboardFile = Main;
				INFOPLIST_KEY_UISupportedInterfaceOrientations_iPad = "UIInterfaceOrientationPortrait UIInterfaceOrientationPortraitUpsideDown UIInterfaceOrientationLandscapeLeft UIInterfaceOrientationLandscapeRight";
				INFOPLIST_KEY_UISupportedInterfaceOrientations_iPhone = "UIInterfaceOrientationPortrait UIInterfaceOrientationLandscapeLeft UIInterfaceOrientationLandscapeRight";
				LD_RUNPATH_SEARCH_PATHS = (
					"$(inherited)",
					"@executable_path/Frameworks",
				);
				MARKETING_VERSION = 1.0;
				PRODUCT_BUNDLE_IDENTIFIER = "org.guseynov.MVC-example";
				PRODUCT_NAME = "$(TARGET_NAME)";
				SWIFT_EMIT_LOC_STRINGS = YES;
				SWIFT_VERSION = 5.0;
				TARGETED_DEVICE_FAMILY = "1,2";
			};
			name = Debug;
		};
		CCD09344272AA7C70003130C /* Release */ = {
			isa = XCBuildConfiguration;
			buildSettings = {
				ASSETCATALOG_COMPILER_APPICON_NAME = AppIcon;
				ASSETCATALOG_COMPILER_GLOBAL_ACCENT_COLOR_NAME = AccentColor;
				CODE_SIGN_STYLE = Automatic;
				CURRENT_PROJECT_VERSION = 1;
				DEVELOPMENT_TEAM = DWCS4T8KMT;
				GENERATE_INFOPLIST_FILE = YES;
				INFOPLIST_FILE = "MVC-example/Info.plist";
				INFOPLIST_KEY_UIApplicationSupportsIndirectInputEvents = YES;
				INFOPLIST_KEY_UILaunchStoryboardName = LaunchScreen;
				INFOPLIST_KEY_UIMainStoryboardFile = Main;
				INFOPLIST_KEY_UISupportedInterfaceOrientations_iPad = "UIInterfaceOrientationPortrait UIInterfaceOrientationPortraitUpsideDown UIInterfaceOrientationLandscapeLeft UIInterfaceOrientationLandscapeRight";
				INFOPLIST_KEY_UISupportedInterfaceOrientations_iPhone = "UIInterfaceOrientationPortrait UIInterfaceOrientationLandscapeLeft UIInterfaceOrientationLandscapeRight";
				LD_RUNPATH_SEARCH_PATHS = (
					"$(inherited)",
					"@executable_path/Frameworks",
				);
				MARKETING_VERSION = 1.0;
				PRODUCT_BUNDLE_IDENTIFIER = "org.guseynov.MVC-example";
				PRODUCT_NAME = "$(TARGET_NAME)";
				SWIFT_EMIT_LOC_STRINGS = YES;
				SWIFT_VERSION = 5.0;
				TARGETED_DEVICE_FAMILY = "1,2";
			};
			name = Release;
		};
		CCD09346272AA7C70003130C /* Debug */ = {
			isa = XCBuildConfiguration;
			buildSettings = {
				ALWAYS_EMBED_SWIFT_STANDARD_LIBRARIES = YES;
				BUNDLE_LOADER = "$(TEST_HOST)";
				CODE_SIGN_STYLE = Automatic;
				CURRENT_PROJECT_VERSION = 1;
				DEVELOPMENT_TEAM = DWCS4T8KMT;
				GENERATE_INFOPLIST_FILE = YES;
				IPHONEOS_DEPLOYMENT_TARGET = 15.0;
				LD_RUNPATH_SEARCH_PATHS = (
					"$(inherited)",
					"@executable_path/Frameworks",
					"@loader_path/Frameworks",
				);
				MARKETING_VERSION = 1.0;
				PRODUCT_BUNDLE_IDENTIFIER = "org.guseynov.MVC-exampleTests";
				PRODUCT_NAME = "$(TARGET_NAME)";
				SWIFT_EMIT_LOC_STRINGS = NO;
				SWIFT_VERSION = 5.0;
				TARGETED_DEVICE_FAMILY = "1,2";
				TEST_HOST = "$(BUILT_PRODUCTS_DIR)/MVC-example.app/MVC-example";
			};
			name = Debug;
		};
		CCD09347272AA7C70003130C /* Release */ = {
			isa = XCBuildConfiguration;
			buildSettings = {
				ALWAYS_EMBED_SWIFT_STANDARD_LIBRARIES = YES;
				BUNDLE_LOADER = "$(TEST_HOST)";
				CODE_SIGN_STYLE = Automatic;
				CURRENT_PROJECT_VERSION = 1;
				DEVELOPMENT_TEAM = DWCS4T8KMT;
				GENERATE_INFOPLIST_FILE = YES;
				IPHONEOS_DEPLOYMENT_TARGET = 15.0;
				LD_RUNPATH_SEARCH_PATHS = (
					"$(inherited)",
					"@executable_path/Frameworks",
					"@loader_path/Frameworks",
				);
				MARKETING_VERSION = 1.0;
				PRODUCT_BUNDLE_IDENTIFIER = "org.guseynov.MVC-exampleTests";
				PRODUCT_NAME = "$(TARGET_NAME)";
				SWIFT_EMIT_LOC_STRINGS = NO;
				SWIFT_VERSION = 5.0;
				TARGETED_DEVICE_FAMILY = "1,2";
				TEST_HOST = "$(BUILT_PRODUCTS_DIR)/MVC-example.app/MVC-example";
			};
			name = Release;
		};
		CCD09349272AA7C70003130C /* Debug */ = {
			isa = XCBuildConfiguration;
			buildSettings = {
				ALWAYS_EMBED_SWIFT_STANDARD_LIBRARIES = YES;
				CODE_SIGN_STYLE = Automatic;
				CURRENT_PROJECT_VERSION = 1;
				DEVELOPMENT_TEAM = DWCS4T8KMT;
				GENERATE_INFOPLIST_FILE = YES;
				LD_RUNPATH_SEARCH_PATHS = (
					"$(inherited)",
					"@executable_path/Frameworks",
					"@loader_path/Frameworks",
				);
				MARKETING_VERSION = 1.0;
				PRODUCT_BUNDLE_IDENTIFIER = "org.guseynov.MVC-exampleUITests";
				PRODUCT_NAME = "$(TARGET_NAME)";
				SWIFT_EMIT_LOC_STRINGS = NO;
				SWIFT_VERSION = 5.0;
				TARGETED_DEVICE_FAMILY = "1,2";
				TEST_TARGET_NAME = "MVC-example";
			};
			name = Debug;
		};
		CCD0934A272AA7C70003130C /* Release */ = {
			isa = XCBuildConfiguration;
			buildSettings = {
				ALWAYS_EMBED_SWIFT_STANDARD_LIBRARIES = YES;
				CODE_SIGN_STYLE = Automatic;
				CURRENT_PROJECT_VERSION = 1;
				DEVELOPMENT_TEAM = DWCS4T8KMT;
				GENERATE_INFOPLIST_FILE = YES;
				LD_RUNPATH_SEARCH_PATHS = (
					"$(inherited)",
					"@executable_path/Frameworks",
					"@loader_path/Frameworks",
				);
				MARKETING_VERSION = 1.0;
				PRODUCT_BUNDLE_IDENTIFIER = "org.guseynov.MVC-exampleUITests";
				PRODUCT_NAME = "$(TARGET_NAME)";
				SWIFT_EMIT_LOC_STRINGS = NO;
				SWIFT_VERSION = 5.0;
				TARGETED_DEVICE_FAMILY = "1,2";
				TEST_TARGET_NAME = "MVC-example";
			};
			name = Release;
		};
/* End XCBuildConfiguration section */

/* Begin XCConfigurationList section */
		CCD09310272AA7C50003130C /* Build configuration list for PBXProject "MVC-example" */ = {
			isa = XCConfigurationList;
			buildConfigurations = (
				CCD09340272AA7C70003130C /* Debug */,
				CCD09341272AA7C70003130C /* Release */,
			);
			defaultConfigurationIsVisible = 0;
			defaultConfigurationName = Release;
		};
		CCD09342272AA7C70003130C /* Build configuration list for PBXNativeTarget "MVC-example" */ = {
			isa = XCConfigurationList;
			buildConfigurations = (
				CCD09343272AA7C70003130C /* Debug */,
				CCD09344272AA7C70003130C /* Release */,
			);
			defaultConfigurationIsVisible = 0;
			defaultConfigurationName = Release;
		};
		CCD09345272AA7C70003130C /* Build configuration list for PBXNativeTarget "MVC-exampleTests" */ = {
			isa = XCConfigurationList;
			buildConfigurations = (
				CCD09346272AA7C70003130C /* Debug */,
				CCD09347272AA7C70003130C /* Release */,
			);
			defaultConfigurationIsVisible = 0;
			defaultConfigurationName = Release;
		};
		CCD09348272AA7C70003130C /* Build configuration list for PBXNativeTarget "MVC-exampleUITests" */ = {
			isa = XCConfigurationList;
			buildConfigurations = (
				CCD09349272AA7C70003130C /* Debug */,
				CCD0934A272AA7C70003130C /* Release */,
			);
			defaultConfigurationIsVisible = 0;
			defaultConfigurationName = Release;
		};
/* End XCConfigurationList section */

/* Begin XCVersionGroup section */
		CCD09321272AA7C50003130C /* MVC_example.xcdatamodeld */ = {
			isa = XCVersionGroup;
			children = (
				CCD09322272AA7C50003130C /* MVC_example.xcdatamodel */,
			);
			currentVersion = CCD09322272AA7C50003130C /* MVC_example.xcdatamodel */;
			path = MVC_example.xcdatamodeld;
			sourceTree = "<group>";
			versionGroupType = wrapper.xcdatamodel;
		};
/* End XCVersionGroup section */
	};
	rootObject = CCD0930D272AA7C50003130C /* Project object */;
}
